github.com/cpuguy83/go-md2man/v2 v2.0.6/go.mod h1:oOW0eioCTA6cOiMLiUPZOpcVxMig6NIQQ7OS05n1F4g=
github.com/davecgh/go-spew v1.1.1 h1:vj9j/u1bqnvCEfJOwUhtlOARqs3+rkHYY13jYWTU97c=
github.com/davecgh/go-spew v1.1.1/go.mod h1:J7Y8YcW2NihsgmVo/mv3lAwl/skON4iLHjSsI+c5H38=
github.com/inconshreveable/mousetrap v1.1.0 h1:wN+x4NVGpMsO7ErUn/mUI3vEoE6Jt13X2s0bqwp9tc8=
github.com/inconshreveable/mousetrap v1.1.0/go.mod h1:vpF70FUmC8bwa3OWnCshd2FqLfsEA9PFc4w1p2J65bw=
github.com/jlrickert/go-std v0.0.0-20250928180302-7d50b4c48cfb h1:fvykRPpzFmQP4V4JOaaIRwF01+o9nJtr6uvNFEd1TF4=
github.com/jlrickert/go-std v0.0.0-20250928180302-7d50b4c48cfb/go.mod h1:qYyga638ybAwS0E0pI8RoIGwW203I8degzBj/oiz9OI=
github.com/jlrickert/go-std v0.0.0-20251005001139-90e9dac01c72 h1:cbgPGAwLRk49WfICpQLClnGn6+k5umj4BNE01DBG3YI=
github.com/jlrickert/go-std v0.0.0-20251005001139-90e9dac01c72/go.mod h1:h4cp83Ew4ZtI87B/EQyfN1IoefILWoga+YwzAc9b1DQ=
github.com/jlrickert/go-std v0.0.0-20251012203827-b27b917dfcfa h1:f9Qxh5RywyXdtIqKMaRHbnVZdrbAp05AmWKTFarW4qg=
github.com/jlrickert/go-std v0.0.0-20251012203827-b27b917dfcfa/go.mod h1:hevf+TOA0aI6ZXJ7M/BYn4wS0FMJyppRi2G0S7CgNP0=
github.com/jlrickert/go-std v0.0.0-20251012225716-472e5584a168 h1:qOYPLYNf9IEcSlZ5S+LSdULvn5tbtADei0up+j1Z6Dk=
github.com/jlrickert/go-std v0.0.0-20251012225716-472e5584a168/go.mod h1:hevf+TOA0aI6ZXJ7M/BYn4wS0FMJyppRi2G0S7CgNP0=
github.com/jlrickert/go-std v0.0.0-20251108215830-46cdc6ca7dab h1:Xe9OwnhFxqxykZGQHCQhJ7AWIljPu9O4KuMLPqKWHw8=
github.com/jlrickert/go-std v0.0.0-20251108215830-46cdc6ca7dab/go.mod h1:xQLZytclknO2TqHMaNlbO9IwJ/hiw/fVuLm7bxqC1oI=
github.com/jlrickert/go-std v0.1.0 h1:Vi5mSDcSKMAVG1/dnVB4Ly6izEGsi/lw9J0x+zTsOq8=
github.com/jlrickert/go-std v0.1.0/go.mod h1:xQLZytclknO2TqHMaNlbO9IwJ/hiw/fVuLm7bxqC1oI=
github.com/pmezard/go-difflib v1.0.0 h1:4DBwDE0NGyQoBHbLQYPwSUPoCMWR5BEzIk/f1lZbAQM=
github.com/pmezard/go-difflib v1.0.0/go.mod h1:iKH77koFhYxTK1pcRnkKkqfTogsbg7gZNVY4sRDYZ/4=
github.com/russross/blackfriday/v2 v2.1.0/go.mod h1:+Rmxgy9KzJVeS9/2gXHxylqXiyQDYRxCVz55jmeOWTM=
github.com/spf13/cobra v1.10.1 h1:lJeBwCfmrnXthfAupyUTzJ/J4Nc1RsHC/mSRU2dll/s=
github.com/spf13/cobra v1.10.1/go.mod h1:7SmJGaTHFVBY0jW4NXGluQoLvhqFQM+6XSKD+P4XaB0=
github.com/spf13/pflag v1.0.9/go.mod h1:McXfInJRrz4CZXVZOBLb0bTZqETkiAhM9Iw0y3An2Bg=
github.com/spf13/pflag v1.0.10 h1:4EBh2KAYBwaONj6b2Ye1GiHfwjqyROoF4RwYO+vPwFk=
github.com/spf13/pflag v1.0.10/go.mod h1:McXfInJRrz4CZXVZOBLb0bTZqETkiAhM9Iw0y3An2Bg=
github.com/stretchr/testify v1.11.1 h1:7s2iGBzp5EwR7/aIZr8ao5+dra3wiQyKjjFuvgVKu7U=
github.com/stretchr/testify v1.11.1/go.mod h1:wZwfW3scLgRK+23gO65QZefKpKQRnfz6sD981Nm4B6U=
github.com/yuin/goldmark v1.7.13 h1:GPddIs617DnBLFFVJFgpo1aBfe/4xcvMc3SB5t/D0pA=
github.com/yuin/goldmark v1.7.13/go.mod h1:ip/1k0VRfGynBgxOz0yCqHrbZXhcjxyuS66Brc7iBKg=
golang.org/x/sys v0.36.0 h1:KVRy2GtZBrk1cBYA7MKu5bEZFxQk4NIDV6RLVcC8o0k=
golang.org/x/sys v0.36.0/go.mod h1:OgkHotnGiDImocRcuBABYBEXf8A9a87e/uXjp9XT3ks=
golang.org/x/sys v0.37.0 h1:fdNQudmxPjkdUTPnLn5mdQv7Zwvbvpaxqs831goi9kQ=
golang.org/x/sys v0.37.0/go.mod h1:OgkHotnGiDImocRcuBABYBEXf8A9a87e/uXjp9XT3ks=
golang.org/x/term v0.35.0 h1:bZBVKBudEyhRcajGcNc3jIfWPqV4y/Kt2XcoigOWtDQ=
golang.org/x/term v0.35.0/go.mod h1:TPGtkTLesOwf2DE8CgVYiZinHAOuy5AYUYT1lENIZnA=
golang.org/x/term v0.36.0 h1:zMPR+aF8gfksFprF/Nc/rd1wRS1EI6nDBGyWAvDzx2Q=
golang.org/x/term v0.36.0/go.mod h1:Qu394IJq6V6dCBRgwqshf3mPF85AqzYEzofzRdZkWss=
gopkg.in/check.v1 v0.0.0-20161208181325-20d25e280405 h1:yhCVgyC4o1eVCa2tZl7eS0r+SDo693bJlVdllGtEeKM=
gopkg.in/check.v1 v0.0.0-20161208181325-20d25e280405/go.mod h1:Co6ibVJAznAaIkqp8huTwlJQCZ016jof/cbN4VW5Yz0=
gopkg.in/yaml.v3 v3.0.1 h1:fxVm/GzAzEWqLHuvctI91KS9hhNmmWOoWu0XTYJS7CA=
gopkg.in/yaml.v3 v3.0.1/go.mod h1:K4uyk7z7BCEPqu6E+C64Yfv1cQ7kz7rIZviUmN+EgEM=
